// !$*UTF8*$!
{
	archiveVersion = 1;
	classes = {
	};
	objectVersion = 56;
	objects = {

/* Begin PBXBuildFile section */
		5C078CA92C7044E5002611C8 /* AppDelegate.swift in Sources */ = {isa = PBXBuildFile; fileRef = 5C078CA82C7044E5002611C8 /* AppDelegate.swift */; };
		5C078CAB2C7044E5002611C8 /* SceneDelegate.swift in Sources */ = {isa = PBXBuildFile; fileRef = 5C078CAA2C7044E5002611C8 /* SceneDelegate.swift */; };
		5C078CAD2C7044E5002611C8 /* ViewController.swift in Sources */ = {isa = PBXBuildFile; fileRef = 5C078CAC2C7044E5002611C8 /* ViewController.swift */; };
		5C078CB02C7044E5002611C8 /* Main.storyboard in Resources */ = {isa = PBXBuildFile; fileRef = 5C078CAE2C7044E5002611C8 /* Main.storyboard */; };
		5C078CB22C7044E7002611C8 /* Assets.xcassets in Resources */ = {isa = PBXBuildFile; fileRef = 5C078CB12C7044E7002611C8 /* Assets.xcassets */; };
		5C078CB52C7044E7002611C8 /* LaunchScreen.storyboard in Resources */ = {isa = PBXBuildFile; fileRef = 5C078CB32C7044E7002611C8 /* LaunchScreen.storyboard */; };
		5C078CBD2C704650002611C8 /* abac_location.json in Resources */ = {isa = PBXBuildFile; fileRef = 5C078CBC2C704650002611C8 /* abac_location.json */; };
		5C078CBF2C704A67002611C8 /* AUPlace.swift in Sources */ = {isa = PBXBuildFile; fileRef = 5C078CBE2C704A67002611C8 /* AUPlace.swift */; };
		5C078CC12C7055A0002611C8 /* AUTableViewCell.swift in Sources */ = {isa = PBXBuildFile; fileRef = 5C078CC02C7055A0002611C8 /* AUTableViewCell.swift */; };
		5C078CC32C7055DB002611C8 /* ListViewController.swift in Sources */ = {isa = PBXBuildFile; fileRef = 5C078CC22C7055DB002611C8 /* ListViewController.swift */; };
/* End PBXBuildFile section */

/* Begin PBXFileReference section */
		5C078CA52C7044E5002611C8 /* AU Map.app */ = {isa = PBXFileReference; explicitFileType = wrapper.application; includeInIndex = 0; path = "AU Map.app"; sourceTree = BUILT_PRODUCTS_DIR; };
		5C078CA82C7044E5002611C8 /* AppDelegate.swift */ = {isa = PBXFileReference; lastKnownFileType = sourcecode.swift; path = AppDelegate.swift; sourceTree = "<group>"; };
		5C078CAA2C7044E5002611C8 /* SceneDelegate.swift */ = {isa = PBXFileReference; lastKnownFileType = sourcecode.swift; path = SceneDelegate.swift; sourceTree = "<group>"; };
		5C078CAC2C7044E5002611C8 /* ViewController.swift */ = {isa = PBXFileReference; lastKnownFileType = sourcecode.swift; path = ViewController.swift; sourceTree = "<group>"; };
		5C078CAF2C7044E5002611C8 /* Base */ = {isa = PBXFileReference; lastKnownFileType = file.storyboard; name = Base; path = Base.lproj/Main.storyboard; sourceTree = "<group>"; };
		5C078CB12C7044E7002611C8 /* Assets.xcassets */ = {isa = PBXFileReference; lastKnownFileType = folder.assetcatalog; path = Assets.xcassets; sourceTree = "<group>"; };
		5C078CB42C7044E7002611C8 /* Base */ = {isa = PBXFileReference; lastKnownFileType = file.storyboard; name = Base; path = Base.lproj/LaunchScreen.storyboard; sourceTree = "<group>"; };
		5C078CB62C7044E7002611C8 /* Info.plist */ = {isa = PBXFileReference; lastKnownFileType = text.plist.xml; path = Info.plist; sourceTree = "<group>"; };
		5C078CBC2C704650002611C8 /* abac_location.json */ = {isa = PBXFileReference; fileEncoding = 4; lastKnownFileType = text.json; name = abac_location.json; path = ../../../../../Downloads/abac_location.json; sourceTree = "<group>"; };
		5C078CBE2C704A67002611C8 /* AUPlace.swift */ = {isa = PBXFileReference; lastKnownFileType = sourcecode.swift; path = AUPlace.swift; sourceTree = "<group>"; };
		5C078CC02C7055A0002611C8 /* AUTableViewCell.swift */ = {isa = PBXFileReference; lastKnownFileType = sourcecode.swift; path = AUTableViewCell.swift; sourceTree = "<group>"; };
		5C078CC22C7055DB002611C8 /* ListViewController.swift */ = {isa = PBXFileReference; lastKnownFileType = sourcecode.swift; path = ListViewController.swift; sourceTree = "<group>"; };
/* End PBXFileReference section */

/* Begin PBXFrameworksBuildPhase section */
		5C078CA22C7044E5002611C8 /* Frameworks */ = {
			isa = PBXFrameworksBuildPhase;
			buildActionMask = 2147483647;
			files = (
			);
			runOnlyForDeploymentPostprocessing = 0;
		};
/* End PBXFrameworksBuildPhase section */

/* Begin PBXGroup section */
		5C078C9C2C7044E5002611C8 = {
			isa = PBXGroup;
			children = (
				5C078CA72C7044E5002611C8 /* AU Map */,
				5C078CA62C7044E5002611C8 /* Products */,
			);
			sourceTree = "<group>";
		};
		5C078CA62C7044E5002611C8 /* Products */ = {
			isa = PBXGroup;
			children = (
				5C078CA52C7044E5002611C8 /* AU Map.app */,
			);
			name = Products;
			sourceTree = "<group>";
		};
		5C078CA72C7044E5002611C8 /* AU Map */ = {
			isa = PBXGroup;
			children = (
				5C078CC02C7055A0002611C8 /* AUTableViewCell.swift */,
				5C078CBC2C704650002611C8 /* abac_location.json */,
				5C078CBE2C704A67002611C8 /* AUPlace.swift */,
				5C078CA82C7044E5002611C8 /* AppDelegate.swift */,
				5C078CAA2C7044E5002611C8 /* SceneDelegate.swift */,
				5C078CAC2C7044E5002611C8 /* ViewController.swift */,
				5C078CAE2C7044E5002611C8 /* Main.storyboard */,
				5C078CC22C7055DB002611C8 /* ListViewController.swift */,
				5C078CB12C7044E7002611C8 /* Assets.xcassets */,
				5C078CB32C7044E7002611C8 /* LaunchScreen.storyboard */,
				5C078CB62C7044E7002611C8 /* Info.plist */,
			);
			path = "AU Map";
			sourceTree = "<group>";
		};
/* End PBXGroup section */

/* Begin PBXNativeTarget section */
		5C078CA42C7044E5002611C8 /* AU Map */ = {
			isa = PBXNativeTarget;
			buildConfigurationList = 5C078CB92C7044E7002611C8 /* Build configuration list for PBXNativeTarget "AU Map" */;
			buildPhases = (
				5C078CA12C7044E5002611C8 /* Sources */,
				5C078CA22C7044E5002611C8 /* Frameworks */,
				5C078CA32C7044E5002611C8 /* Resources */,
			);
			buildRules = (
			);
			dependencies = (
			);
			name = "AU Map";
			productName = "AU Map";
			productReference = 5C078CA52C7044E5002611C8 /* AU Map.app */;
			productType = "com.apple.product-type.application";
		};
/* End PBXNativeTarget section */

/* Begin PBXProject section */
		5C078C9D2C7044E5002611C8 /* Project object */ = {
			isa = PBXProject;
			attributes = {
				BuildIndependentTargetsInParallel = 1;
				LastSwiftUpdateCheck = 1520;
				LastUpgradeCheck = 1520;
				TargetAttributes = {
					5C078CA42C7044E5002611C8 = {
						CreatedOnToolsVersion = 15.2;
					};
				};
			};
			buildConfigurationList = 5C078CA02C7044E5002611C8 /* Build configuration list for PBXProject "AU Map" */;
			compatibilityVersion = "Xcode 14.0";
			developmentRegion = en;
			hasScannedForEncodings = 0;
			knownRegions = (
				en,
				Base,
			);
			mainGroup = 5C078C9C2C7044E5002611C8;
			productRefGroup = 5C078CA62C7044E5002611C8 /* Products */;
			projectDirPath = "";
			projectRoot = "";
			targets = (
				5C078CA42C7044E5002611C8 /* AU Map */,
			);
		};
/* End PBXProject section */

/* Begin PBXResourcesBuildPhase section */
		5C078CA32C7044E5002611C8 /* Resources */ = {
			isa = PBXResourcesBuildPhase;
			buildActionMask = 2147483647;
			files = (
				5C078CB52C7044E7002611C8 /* LaunchScreen.storyboard in Resources */,
				5C078CBD2C704650002611C8 /* abac_location.json in Resources */,
				5C078CB22C7044E7002611C8 /* Assets.xcassets in Resources */,
				5C078CB02C7044E5002611C8 /* Main.storyboard in Resources */,
			);
			runOnlyForDeploymentPostprocessing = 0;
		};
/* End PBXResourcesBuildPhase section */

/* Begin PBXSourcesBuildPhase section */
		5C078CA12C7044E5002611C8 /* Sources */ = {
			isa = PBXSourcesBuildPhase;
			buildActionMask = 2147483647;
			files = (
				5C078CAD2C7044E5002611C8 /* ViewController.swift in Sources */,
				5C078CA92C7044E5002611C8 /* AppDelegate.swift in Sources */,
				5C078CC32C7055DB002611C8 /* ListViewController.swift in Sources */,
				5C078CAB2C7044E5002611C8 /* SceneDelegate.swift in Sources */,
				5C078CBF2C704A67002611C8 /* AUPlace.swift in Sources */,
				5C078CC12C7055A0002611C8 /* AUTableViewCell.swift in Sources */,
			);
			runOnlyForDeploymentPostprocessing = 0;
		};
/* End PBXSourcesBuildPhase section */

/* Begin PBXVariantGroup section */
		5C078CAE2C7044E5002611C8 /* Main.storyboard */ = {
			isa = PBXVariantGroup;
			children = (
				5C078CAF2C7044E5002611C8 /* Base */,
			);
			name = Main.storyboard;
			sourceTree = "<group>";
		};
		5C078CB32C7044E7002611C8 /* LaunchScreen.storyboard */ = {
			isa = PBXVariantGroup;
			children = (
				5C078CB42C7044E7002611C8 /* Base */,
			);
			name = LaunchScreen.storyboard;
			sourceTree = "<group>";
		};
/* End PBXVariantGroup section */

/* Begin XCBuildConfiguration section */
		5C078CB72C7044E7002611C8 /* Debug */ = {
			isa = XCBuildConfiguration;
			buildSettings = {
				ALWAYS_SEARCH_USER_PATHS = NO;
				ASSETCATALOG_COMPILER_GENERATE_SWIFT_ASSET_SYMBOL_EXTENSIONS = YES;
				CLANG_ANALYZER_NONNULL = YES;
				CLANG_ANALYZER_NUMBER_OBJECT_CONVERSION = YES_AGGRESSIVE;
				CLANG_CXX_LANGUAGE_STANDARD = "gnu++20";
				CLANG_ENABLE_MODULES = YES;
				CLANG_ENABLE_OBJC_ARC = YES;
				CLANG_ENABLE_OBJC_WEAK = YES;
				CLANG_WARN_BLOCK_CAPTURE_AUTORELEASING = YES;
				CLANG_WARN_BOOL_CONVERSION = YES;
				CLANG_WARN_COMMA = YES;
				CLANG_WARN_CONSTANT_CONVERSION = YES;
				CLANG_WARN_DEPRECATED_OBJC_IMPLEMENTATIONS = YES;
				CLANG_WARN_DIRECT_OBJC_ISA_USAGE = YES_ERROR;
				CLANG_WARN_DOCUMENTATION_COMMENTS = YES;
				CLANG_WARN_EMPTY_BODY = YES;
				CLANG_WARN_ENUM_CONVERSION = YES;
				CLANG_WARN_INFINITE_RECURSION = YES;
				CLANG_WARN_INT_CONVERSION = YES;
				CLANG_WARN_NON_LITERAL_NULL_CONVERSION = YES;
				CLANG_WARN_OBJC_IMPLICIT_RETAIN_SELF = YES;
				CLANG_WARN_OBJC_LITERAL_CONVERSION = YES;
				CLANG_WARN_OBJC_ROOT_CLASS = YES_ERROR;
				CLANG_WARN_QUOTED_INCLUDE_IN_FRAMEWORK_HEADER = YES;
				CLANG_WARN_RANGE_LOOP_ANALYSIS = YES;
				CLANG_WARN_STRICT_PROTOTYPES = YES;
				CLANG_WARN_SUSPICIOUS_MOVE = YES;
				CLANG_WARN_UNGUARDED_AVAILABILITY = YES_AGGRESSIVE;
				CLANG_WARN_UNREACHABLE_CODE = YES;
				CLANG_WARN__DUPLICATE_METHOD_MATCH = YES;
				COPY_PHASE_STRIP = NO;
				DEBUG_INFORMATION_FORMAT = dwarf;
				ENABLE_STRICT_OBJC_MSGSEND = YES;
				ENABLE_TESTABILITY = YES;
				ENABLE_USER_SCRIPT_SANDBOXING = YES;
				GCC_C_LANGUAGE_STANDARD = gnu17;
				GCC_DYNAMIC_NO_PIC = NO;
				GCC_NO_COMMON_BLOCKS = YES;
				GCC_OPTIMIZATION_LEVEL = 0;
				GCC_PREPROCESSOR_DEFINITIONS = (
					"DEBUG=1",
					"$(inherited)",
				);
				GCC_WARN_64_TO_32_BIT_CONVERSION = YES;
				GCC_WARN_ABOUT_RETURN_TYPE = YES_ERROR;
				GCC_WARN_UNDECLARED_SELECTOR = YES;
				GCC_WARN_UNINITIALIZED_AUTOS = YES_AGGRESSIVE;
				GCC_WARN_UNUSED_FUNCTION = YES;
				GCC_WARN_UNUSED_VARIABLE = YES;
				IPHONEOS_DEPLOYMENT_TARGET = 17.2;
				LOCALIZATION_PREFERS_STRING_CATALOGS = YES;
				MTL_ENABLE_DEBUG_INFO = INCLUDE_SOURCE;
				MTL_FAST_MATH = YES;
				ONLY_ACTIVE_ARCH = YES;
				SDKROOT = iphoneos;
				SWIFT_ACTIVE_COMPILATION_CONDITIONS = "DEBUG $(inherited)";
				SWIFT_OPTIMIZATION_LEVEL = "-Onone";
			};
			name = Debug;
		};
		5C078CB82C7044E7002611C8 /* Release */ = {
			isa = XCBuildConfiguration;
			buildSettings = {
				ALWAYS_SEARCH_USER_PATHS = NO;
				ASSETCATALOG_COMPILER_GENERATE_SWIFT_ASSET_SYMBOL_EXTENSIONS = YES;
				CLANG_ANALYZER_NONNULL = YES;
				CLANG_ANALYZER_NUMBER_OBJECT_CONVERSION = YES_AGGRESSIVE;
				CLANG_CXX_LANGUAGE_STANDARD = "gnu++20";
				CLANG_ENABLE_MODULES = YES;
				CLANG_ENABLE_OBJC_ARC = YES;
				CLANG_ENABLE_OBJC_WEAK = YES;
				CLANG_WARN_BLOCK_CAPTURE_AUTORELEASING = YES;
				CLANG_WARN_BOOL_CONVERSION = YES;
				CLANG_WARN_COMMA = YES;
				CLANG_WARN_CONSTANT_CONVERSION = YES;
				CLANG_WARN_DEPRECATED_OBJC_IMPLEMENTATIONS = YES;
				CLANG_WARN_DIRECT_OBJC_ISA_USAGE = YES_ERROR;
				CLANG_WARN_DOCUMENTATION_COMMENTS = YES;
				CLANG_WARN_EMPTY_BODY = YES;
				CLANG_WARN_ENUM_CONVERSION = YES;
				CLANG_WARN_INFINITE_RECURSION = YES;
				CLANG_WARN_INT_CONVERSION = YES;
				CLANG_WARN_NON_LITERAL_NULL_CONVERSION = YES;
				CLANG_WARN_OBJC_IMPLICIT_RETAIN_SELF = YES;
				CLANG_WARN_OBJC_LITERAL_CONVERSION = YES;
				CLANG_WARN_OBJC_ROOT_CLASS = YES_ERROR;
				CLANG_WARN_QUOTED_INCLUDE_IN_FRAMEWORK_HEADER = YES;
				CLANG_WARN_RANGE_LOOP_ANALYSIS = YES;
				CLANG_WARN_STRICT_PROTOTYPES = YES;
				CLANG_WARN_SUSPICIOUS_MOVE = YES;
				CLANG_WARN_UNGUARDED_AVAILABILITY = YES_AGGRESSIVE;
				CLANG_WARN_UNREACHABLE_CODE = YES;
				CLANG_WARN__DUPLICATE_METHOD_MATCH = YES;
				COPY_PHASE_STRIP = NO;
				DEBUG_INFORMATION_FORMAT = "dwarf-with-dsym";
				ENABLE_NS_ASSERTIONS = NO;
				ENABLE_STRICT_OBJC_MSGSEND = YES;
				ENABLE_USER_SCRIPT_SANDBOXING = YES;
				GCC_C_LANGUAGE_STANDARD = gnu17;
				GCC_NO_COMMON_BLOCKS = YES;
				GCC_WARN_64_TO_32_BIT_CONVERSION = YES;
				GCC_WARN_ABOUT_RETURN_TYPE = YES_ERROR;
				GCC_WARN_UNDECLARED_SELECTOR = YES;
				GCC_WARN_UNINITIALIZED_AUTOS = YES_AGGRESSIVE;
				GCC_WARN_UNUSED_FUNCTION = YES;
				GCC_WARN_UNUSED_VARIABLE = YES;
				IPHONEOS_DEPLOYMENT_TARGET = 17.2;
				LOCALIZATION_PREFERS_STRING_CATALOGS = YES;
				MTL_ENABLE_DEBUG_INFO = NO;
				MTL_FAST_MATH = YES;
				SDKROOT = iphoneos;
				SWIFT_COMPILATION_MODE = wholemodule;
				VALIDATE_PRODUCT = YES;
			};
			name = Release;
		};
		5C078CBA2C7044E7002611C8 /* Debug */ = {
			isa = XCBuildConfiguration;
			buildSettings = {
				ASSETCATALOG_COMPILER_APPICON_NAME = AppIcon;
				ASSETCATALOG_COMPILER_GLOBAL_ACCENT_COLOR_NAME = AccentColor;
				CODE_SIGN_STYLE = Automatic;
				CURRENT_PROJECT_VERSION = 1;
				DEVELOPMENT_TEAM = MXNM4MXDHB;
				GENERATE_INFOPLIST_FILE = YES;
				INFOPLIST_FILE = "AU Map/Info.plist";
				INFOPLIST_KEY_UIApplicationSupportsIndirectInputEvents = YES;
				INFOPLIST_KEY_UILaunchStoryboardName = LaunchScreen;
				INFOPLIST_KEY_UIMainStoryboardFile = Main;
				INFOPLIST_KEY_UISupportedInterfaceOrientations_iPad = "UIInterfaceOrientationPortrait UIInterfaceOrientationPortraitUpsideDown UIInterfaceOrientationLandscapeLeft UIInterfaceOrientationLandscapeRight";
				INFOPLIST_KEY_UISupportedInterfaceOrientations_iPhone = "UIInterfaceOrientationPortrait UIInterfaceOrientationLandscapeLeft UIInterfaceOrientationLandscapeRight";
				LD_RUNPATH_SEARCH_PATHS = (
					"$(inherited)",
					"@executable_path/Frameworks",
				);
				MARKETING_VERSION = 1.0;
				PRODUCT_BUNDLE_IDENTIFIER = "-611718.AU-Map";
				PRODUCT_NAME = "$(TARGET_NAME)";
				SWIFT_EMIT_LOC_STRINGS = YES;
				SWIFT_VERSION = 5.0;
				TARGETED_DEVICE_FAMILY = "1,2";
			};
			name = Debug;
		};
		5C078CBB2C7044E7002611C8 /* Release */ = {
			isa = XCBuildConfiguration;
			buildSettings = {
				ASSETCATALOG_COMPILER_APPICON_NAME = AppIcon;
				ASSETCATALOG_COMPILER_GLOBAL_ACCENT_COLOR_NAME = AccentColor;
				CODE_SIGN_STYLE = Automatic;
				CURRENT_PROJECT_VERSION = 1;
				DEVELOPMENT_TEAM = MXNM4MXDHB;
				GENERATE_INFOPLIST_FILE = YES;
				INFOPLIST_FILE = "AU Map/Info.plist";
				INFOPLIST_KEY_UIApplicationSupportsIndirectInputEvents = YES;
				INFOPLIST_KEY_UILaunchStoryboardName = LaunchScreen;
				INFOPLIST_KEY_UIMainStoryboardFile = Main;
				INFOPLIST_KEY_UISupportedInterfaceOrientations_iPad = "UIInterfaceOrientationPortrait UIInterfaceOrientationPortraitUpsideDown UIInterfaceOrientationLandscapeLeft UIInterfaceOrientationLandscapeRight";
				INFOPLIST_KEY_UISupportedInterfaceOrientations_iPhone = "UIInterfaceOrientationPortrait UIInterfaceOrientationLandscapeLeft UIInterfaceOrientationLandscapeRight";
				LD_RUNPATH_SEARCH_PATHS = (
					"$(inherited)",
					"@executable_path/Frameworks",
				);
				MARKETING_VERSION = 1.0;
				PRODUCT_BUNDLE_IDENTIFIER = "-611718.AU-Map";
				PRODUCT_NAME = "$(TARGET_NAME)";
				SWIFT_EMIT_LOC_STRINGS = YES;
				SWIFT_VERSION = 5.0;
				TARGETED_DEVICE_FAMILY = "1,2";
			};
			name = Release;
		};
/* End XCBuildConfiguration section */

/* Begin XCConfigurationList section */
		5C078CA02C7044E5002611C8 /* Build configuration list for PBXProject "AU Map" */ = {
			isa = XCConfigurationList;
			buildConfigurations = (
				5C078CB72C7044E7002611C8 /* Debug */,
				5C078CB82C7044E7002611C8 /* Release */,
			);
			defaultConfigurationIsVisible = 0;
			defaultConfigurationName = Release;
		};
		5C078CB92C7044E7002611C8 /* Build configuration list for PBXNativeTarget "AU Map" */ = {
			isa = XCConfigurationList;
			buildConfigurations = (
				5C078CBA2C7044E7002611C8 /* Debug */,
				5C078CBB2C7044E7002611C8 /* Release */,
			);
			defaultConfigurationIsVisible = 0;
			defaultConfigurationName = Release;
		};
/* End XCConfigurationList section */
	};
	rootObject = 5C078C9D2C7044E5002611C8 /* Project object */;
}
