// !$*UTF8*$!
{
	archiveVersion = 1;
	classes = {
	};
	objectVersion = 56;
	objects = {

/* Begin PBXBuildFile section */
		9F32F13F2C6708A700E3DC2A /* FavouriteViewController.swift in Sources */ = {isa = PBXBuildFile; fileRef = 9F32F13E2C6708A700E3DC2A /* FavouriteViewController.swift */; };
		9F82E2DA2C670EA40027A254 /* RestaurantCell.swift in Sources */ = {isa = PBXBuildFile; fileRef = 9F82E2D92C670EA40027A254 /* RestaurantCell.swift */; };
		9F82E2DC2C6710C50027A254 /* Restaurant.swift in Sources */ = {isa = PBXBuildFile; fileRef = 9F82E2DB2C6710C50027A254 /* Restaurant.swift */; };
		9F82E2DE2C67180D0027A254 /* DetailViewController.swift in Sources */ = {isa = PBXBuildFile; fileRef = 9F82E2DD2C67180D0027A254 /* DetailViewController.swift */; };
		9FB45AE82C67063F002CE853 /* AppDelegate.swift in Sources */ = {isa = PBXBuildFile; fileRef = 9FB45AE72C67063F002CE853 /* AppDelegate.swift */; };
		9FB45AEA2C67063F002CE853 /* SceneDelegate.swift in Sources */ = {isa = PBXBuildFile; fileRef = 9FB45AE92C67063F002CE853 /* SceneDelegate.swift */; };
		9FB45AEC2C67063F002CE853 /* ViewController.swift in Sources */ = {isa = PBXBuildFile; fileRef = 9FB45AEB2C67063F002CE853 /* ViewController.swift */; };
		9FB45AEF2C67063F002CE853 /* Base in Resources */ = {isa = PBXBuildFile; fileRef = 9FB45AEE2C67063F002CE853 /* Base */; };
		9FB45AF12C670640002CE853 /* Assets.xcassets in Resources */ = {isa = PBXBuildFile; fileRef = 9FB45AF02C670640002CE853 /* Assets.xcassets */; };
		9FB45AF42C670640002CE853 /* Base in Resources */ = {isa = PBXBuildFile; fileRef = 9FB45AF32C670640002CE853 /* Base */; };
		9FB45AFC2C670691002CE853 /* Restaurants.json in Resources */ = {isa = PBXBuildFile; fileRef = 9FB45AFB2C670691002CE853 /* Restaurants.json */; };
/* End PBXBuildFile section */

/* Begin PBXFileReference section */
		9F32F13E2C6708A700E3DC2A /* FavouriteViewController.swift */ = {isa = PBXFileReference; lastKnownFileType = sourcecode.swift; path = FavouriteViewController.swift; sourceTree = "<group>"; };
		9F82E2D92C670EA40027A254 /* RestaurantCell.swift */ = {isa = PBXFileReference; lastKnownFileType = sourcecode.swift; path = RestaurantCell.swift; sourceTree = "<group>"; };
		9F82E2DB2C6710C50027A254 /* Restaurant.swift */ = {isa = PBXFileReference; lastKnownFileType = sourcecode.swift; path = Restaurant.swift; sourceTree = "<group>"; };
		9F82E2DD2C67180D0027A254 /* DetailViewController.swift */ = {isa = PBXFileReference; lastKnownFileType = sourcecode.swift; path = DetailViewController.swift; sourceTree = "<group>"; };
		9FB45AE42C67063F002CE853 /* Restaurant Finder.app */ = {isa = PBXFileReference; explicitFileType = wrapper.application; includeInIndex = 0; path = "Restaurant Finder.app"; sourceTree = BUILT_PRODUCTS_DIR; };
		9FB45AE72C67063F002CE853 /* AppDelegate.swift */ = {isa = PBXFileReference; lastKnownFileType = sourcecode.swift; path = AppDelegate.swift; sourceTree = "<group>"; };
		9FB45AE92C67063F002CE853 /* SceneDelegate.swift */ = {isa = PBXFileReference; lastKnownFileType = sourcecode.swift; path = SceneDelegate.swift; sourceTree = "<group>"; };
		9FB45AEB2C67063F002CE853 /* ViewController.swift */ = {isa = PBXFileReference; lastKnownFileType = sourcecode.swift; path = ViewController.swift; sourceTree = "<group>"; };
		9FB45AEE2C67063F002CE853 /* Base */ = {isa = PBXFileReference; lastKnownFileType = file.storyboard; name = Base; path = Base.lproj/Main.storyboard; sourceTree = "<group>"; };
		9FB45AF02C670640002CE853 /* Assets.xcassets */ = {isa = PBXFileReference; lastKnownFileType = folder.assetcatalog; path = Assets.xcassets; sourceTree = "<group>"; };
		9FB45AF32C670640002CE853 /* Base */ = {isa = PBXFileReference; lastKnownFileType = file.storyboard; name = Base; path = Base.lproj/LaunchScreen.storyboard; sourceTree = "<group>"; };
		9FB45AF52C670640002CE853 /* Info.plist */ = {isa = PBXFileReference; lastKnownFileType = text.plist.xml; path = Info.plist; sourceTree = "<group>"; };
		9FB45AFB2C670691002CE853 /* Restaurants.json */ = {isa = PBXFileReference; fileEncoding = 4; lastKnownFileType = text.json; path = Restaurants.json; sourceTree = "<group>"; };
/* End PBXFileReference section */

/* Begin PBXFrameworksBuildPhase section */
		9FB45AE12C67063F002CE853 /* Frameworks */ = {
			isa = PBXFrameworksBuildPhase;
			buildActionMask = 2147483647;
			files = (
			);
			runOnlyForDeploymentPostprocessing = 0;
		};
/* End PBXFrameworksBuildPhase section */

/* Begin PBXGroup section */
		9FB45ADB2C67063F002CE853 = {
			isa = PBXGroup;
			children = (
				9FB45AE62C67063F002CE853 /* Restaurant Finder */,
				9FB45AE52C67063F002CE853 /* Products */,
			);
			sourceTree = "<group>";
		};
		9FB45AE52C67063F002CE853 /* Products */ = {
			isa = PBXGroup;
			children = (
				9FB45AE42C67063F002CE853 /* Restaurant Finder.app */,
			);
			name = Products;
			sourceTree = "<group>";
		};
		9FB45AE62C67063F002CE853 /* Restaurant Finder */ = {
			isa = PBXGroup;
			children = (
				9FB45AE72C67063F002CE853 /* AppDelegate.swift */,
				9FB45AE92C67063F002CE853 /* SceneDelegate.swift */,
				9FB45AEB2C67063F002CE853 /* ViewController.swift */,
				9F32F13E2C6708A700E3DC2A /* FavouriteViewController.swift */,
				9F82E2D92C670EA40027A254 /* RestaurantCell.swift */,
				9F82E2DD2C67180D0027A254 /* DetailViewController.swift */,
				9F82E2DB2C6710C50027A254 /* Restaurant.swift */,
				9FB45AFB2C670691002CE853 /* Restaurants.json */,
				9FB45AED2C67063F002CE853 /* Main.storyboard */,
				9FB45AF02C670640002CE853 /* Assets.xcassets */,
				9FB45AF22C670640002CE853 /* LaunchScreen.storyboard */,
				9FB45AF52C670640002CE853 /* Info.plist */,
			);
			path = "Restaurant Finder";
			sourceTree = "<group>";
		};
/* End PBXGroup section */

/* Begin PBXNativeTarget section */
		9FB45AE32C67063F002CE853 /* Restaurant Finder */ = {
			isa = PBXNativeTarget;
			buildConfigurationList = 9FB45AF82C670640002CE853 /* Build configuration list for PBXNativeTarget "Restaurant Finder" */;
			buildPhases = (
				9FB45AE02C67063F002CE853 /* Sources */,
				9FB45AE12C67063F002CE853 /* Frameworks */,
				9FB45AE22C67063F002CE853 /* Resources */,
			);
			buildRules = (
			);
			dependencies = (
			);
			name = "Restaurant Finder";
			productName = "Restaurant Finder";
			productReference = 9FB45AE42C67063F002CE853 /* Restaurant Finder.app */;
			productType = "com.apple.product-type.application";
		};
/* End PBXNativeTarget section */

/* Begin PBXProject section */
		9FB45ADC2C67063F002CE853 /* Project object */ = {
			isa = PBXProject;
			attributes = {
				BuildIndependentTargetsInParallel = 1;
				LastSwiftUpdateCheck = 1540;
				LastUpgradeCheck = 1540;
				TargetAttributes = {
					9FB45AE32C67063F002CE853 = {
						CreatedOnToolsVersion = 15.4;
					};
				};
			};
			buildConfigurationList = 9FB45ADF2C67063F002CE853 /* Build configuration list for PBXProject "Restaurant Finder" */;
			compatibilityVersion = "Xcode 14.0";
			developmentRegion = en;
			hasScannedForEncodings = 0;
			knownRegions = (
				en,
				Base,
			);
			mainGroup = 9FB45ADB2C67063F002CE853;
			productRefGroup = 9FB45AE52C67063F002CE853 /* Products */;
			projectDirPath = "";
			projectRoot = "";
			targets = (
				9FB45AE32C67063F002CE853 /* Restaurant Finder */,
			);
		};
/* End PBXProject section */

/* Begin PBXResourcesBuildPhase section */
		9FB45AE22C67063F002CE853 /* Resources */ = {
			isa = PBXResourcesBuildPhase;
			buildActionMask = 2147483647;
			files = (
				9FB45AFC2C670691002CE853 /* Restaurants.json in Resources */,
				9FB45AF12C670640002CE853 /* Assets.xcassets in Resources */,
				9FB45AF42C670640002CE853 /* Base in Resources */,
				9FB45AEF2C67063F002CE853 /* Base in Resources */,
			);
			runOnlyForDeploymentPostprocessing = 0;
		};
/* End PBXResourcesBuildPhase section */

/* Begin PBXSourcesBuildPhase section */
		9FB45AE02C67063F002CE853 /* Sources */ = {
			isa = PBXSourcesBuildPhase;
			buildActionMask = 2147483647;
			files = (
				9F82E2DA2C670EA40027A254 /* RestaurantCell.swift in Sources */,
				9F32F13F2C6708A700E3DC2A /* FavouriteViewController.swift in Sources */,
				9F82E2DC2C6710C50027A254 /* Restaurant.swift in Sources */,
				9FB45AEC2C67063F002CE853 /* ViewController.swift in Sources */,
				9FB45AE82C67063F002CE853 /* AppDelegate.swift in Sources */,
				9FB45AEA2C67063F002CE853 /* SceneDelegate.swift in Sources */,
				9F82E2DE2C67180D0027A254 /* DetailViewController.swift in Sources */,
			);
			runOnlyForDeploymentPostprocessing = 0;
		};
/* End PBXSourcesBuildPhase section */

/* Begin PBXVariantGroup section */
		9FB45AED2C67063F002CE853 /* Main.storyboard */ = {
			isa = PBXVariantGroup;
			children = (
				9FB45AEE2C67063F002CE853 /* Base */,
			);
			name = Main.storyboard;
			sourceTree = "<group>";
		};
		9FB45AF22C670640002CE853 /* LaunchScreen.storyboard */ = {
			isa = PBXVariantGroup;
			children = (
				9FB45AF32C670640002CE853 /* Base */,
			);
			name = LaunchScreen.storyboard;
			sourceTree = "<group>";
		};
/* End PBXVariantGroup section */

/* Begin XCBuildConfiguration section */
		9FB45AF62C670640002CE853 /* Debug */ = {
			isa = XCBuildConfiguration;
			buildSettings = {
				ALWAYS_SEARCH_USER_PATHS = NO;
				ASSETCATALOG_COMPILER_GENERATE_SWIFT_ASSET_SYMBOL_EXTENSIONS = YES;
				CLANG_ANALYZER_NONNULL = YES;
				CLANG_ANALYZER_NUMBER_OBJECT_CONVERSION = YES_AGGRESSIVE;
				CLANG_CXX_LANGUAGE_STANDARD = "gnu++20";
				CLANG_ENABLE_MODULES = YES;
				CLANG_ENABLE_OBJC_ARC = YES;
				CLANG_ENABLE_OBJC_WEAK = YES;
				CLANG_WARN_BLOCK_CAPTURE_AUTORELEASING = YES;
				CLANG_WARN_BOOL_CONVERSION = YES;
				CLANG_WARN_COMMA = YES;
				CLANG_WARN_CONSTANT_CONVERSION = YES;
				CLANG_WARN_DEPRECATED_OBJC_IMPLEMENTATIONS = YES;
				CLANG_WARN_DIRECT_OBJC_ISA_USAGE = YES_ERROR;
				CLANG_WARN_DOCUMENTATION_COMMENTS = YES;
				CLANG_WARN_EMPTY_BODY = YES;
				CLANG_WARN_ENUM_CONVERSION = YES;
				CLANG_WARN_INFINITE_RECURSION = YES;
				CLANG_WARN_INT_CONVERSION = YES;
				CLANG_WARN_NON_LITERAL_NULL_CONVERSION = YES;
				CLANG_WARN_OBJC_IMPLICIT_RETAIN_SELF = YES;
				CLANG_WARN_OBJC_LITERAL_CONVERSION = YES;
				CLANG_WARN_OBJC_ROOT_CLASS = YES_ERROR;
				CLANG_WARN_QUOTED_INCLUDE_IN_FRAMEWORK_HEADER = YES;
				CLANG_WARN_RANGE_LOOP_ANALYSIS = YES;
				CLANG_WARN_STRICT_PROTOTYPES = YES;
				CLANG_WARN_SUSPICIOUS_MOVE = YES;
				CLANG_WARN_UNGUARDED_AVAILABILITY = YES_AGGRESSIVE;
				CLANG_WARN_UNREACHABLE_CODE = YES;
				CLANG_WARN__DUPLICATE_METHOD_MATCH = YES;
				COPY_PHASE_STRIP = NO;
				DEBUG_INFORMATION_FORMAT = dwarf;
				ENABLE_STRICT_OBJC_MSGSEND = YES;
				ENABLE_TESTABILITY = YES;
				ENABLE_USER_SCRIPT_SANDBOXING = YES;
				GCC_C_LANGUAGE_STANDARD = gnu17;
				GCC_DYNAMIC_NO_PIC = NO;
				GCC_NO_COMMON_BLOCKS = YES;
				GCC_OPTIMIZATION_LEVEL = 0;
				GCC_PREPROCESSOR_DEFINITIONS = (
					"DEBUG=1",
					"$(inherited)",
				);
				GCC_WARN_64_TO_32_BIT_CONVERSION = YES;
				GCC_WARN_ABOUT_RETURN_TYPE = YES_ERROR;
				GCC_WARN_UNDECLARED_SELECTOR = YES;
				GCC_WARN_UNINITIALIZED_AUTOS = YES_AGGRESSIVE;
				GCC_WARN_UNUSED_FUNCTION = YES;
				GCC_WARN_UNUSED_VARIABLE = YES;
				IPHONEOS_DEPLOYMENT_TARGET = 17.5;
				LOCALIZATION_PREFERS_STRING_CATALOGS = YES;
				MTL_ENABLE_DEBUG_INFO = INCLUDE_SOURCE;
				MTL_FAST_MATH = YES;
				ONLY_ACTIVE_ARCH = YES;
				SDKROOT = iphoneos;
				SWIFT_ACTIVE_COMPILATION_CONDITIONS = "DEBUG $(inherited)";
				SWIFT_OPTIMIZATION_LEVEL = "-Onone";
			};
			name = Debug;
		};
		9FB45AF72C670640002CE853 /* Release */ = {
			isa = XCBuildConfiguration;
			buildSettings = {
				ALWAYS_SEARCH_USER_PATHS = NO;
				ASSETCATALOG_COMPILER_GENERATE_SWIFT_ASSET_SYMBOL_EXTENSIONS = YES;
				CLANG_ANALYZER_NONNULL = YES;
				CLANG_ANALYZER_NUMBER_OBJECT_CONVERSION = YES_AGGRESSIVE;
				CLANG_CXX_LANGUAGE_STANDARD = "gnu++20";
				CLANG_ENABLE_MODULES = YES;
				CLANG_ENABLE_OBJC_ARC = YES;
				CLANG_ENABLE_OBJC_WEAK = YES;
				CLANG_WARN_BLOCK_CAPTURE_AUTORELEASING = YES;
				CLANG_WARN_BOOL_CONVERSION = YES;
				CLANG_WARN_COMMA = YES;
				CLANG_WARN_CONSTANT_CONVERSION = YES;
				CLANG_WARN_DEPRECATED_OBJC_IMPLEMENTATIONS = YES;
				CLANG_WARN_DIRECT_OBJC_ISA_USAGE = YES_ERROR;
				CLANG_WARN_DOCUMENTATION_COMMENTS = YES;
				CLANG_WARN_EMPTY_BODY = YES;
				CLANG_WARN_ENUM_CONVERSION = YES;
				CLANG_WARN_INFINITE_RECURSION = YES;
				CLANG_WARN_INT_CONVERSION = YES;
				CLANG_WARN_NON_LITERAL_NULL_CONVERSION = YES;
				CLANG_WARN_OBJC_IMPLICIT_RETAIN_SELF = YES;
				CLANG_WARN_OBJC_LITERAL_CONVERSION = YES;
				CLANG_WARN_OBJC_ROOT_CLASS = YES_ERROR;
				CLANG_WARN_QUOTED_INCLUDE_IN_FRAMEWORK_HEADER = YES;
				CLANG_WARN_RANGE_LOOP_ANALYSIS = YES;
				CLANG_WARN_STRICT_PROTOTYPES = YES;
				CLANG_WARN_SUSPICIOUS_MOVE = YES;
				CLANG_WARN_UNGUARDED_AVAILABILITY = YES_AGGRESSIVE;
				CLANG_WARN_UNREACHABLE_CODE = YES;
				CLANG_WARN__DUPLICATE_METHOD_MATCH = YES;
				COPY_PHASE_STRIP = NO;
				DEBUG_INFORMATION_FORMAT = "dwarf-with-dsym";
				ENABLE_NS_ASSERTIONS = NO;
				ENABLE_STRICT_OBJC_MSGSEND = YES;
				ENABLE_USER_SCRIPT_SANDBOXING = YES;
				GCC_C_LANGUAGE_STANDARD = gnu17;
				GCC_NO_COMMON_BLOCKS = YES;
				GCC_WARN_64_TO_32_BIT_CONVERSION = YES;
				GCC_WARN_ABOUT_RETURN_TYPE = YES_ERROR;
				GCC_WARN_UNDECLARED_SELECTOR = YES;
				GCC_WARN_UNINITIALIZED_AUTOS = YES_AGGRESSIVE;
				GCC_WARN_UNUSED_FUNCTION = YES;
				GCC_WARN_UNUSED_VARIABLE = YES;
				IPHONEOS_DEPLOYMENT_TARGET = 17.5;
				LOCALIZATION_PREFERS_STRING_CATALOGS = YES;
				MTL_ENABLE_DEBUG_INFO = NO;
				MTL_FAST_MATH = YES;
				SDKROOT = iphoneos;
				SWIFT_COMPILATION_MODE = wholemodule;
				VALIDATE_PRODUCT = YES;
			};
			name = Release;
		};
		9FB45AF92C670640002CE853 /* Debug */ = {
			isa = XCBuildConfiguration;
			buildSettings = {
				ASSETCATALOG_COMPILER_APPICON_NAME = AppIcon;
				ASSETCATALOG_COMPILER_GLOBAL_ACCENT_COLOR_NAME = AccentColor;
				CODE_SIGN_STYLE = Automatic;
				CURRENT_PROJECT_VERSION = 1;
				DEVELOPMENT_TEAM = DD9538X2N7;
				GENERATE_INFOPLIST_FILE = YES;
				INFOPLIST_FILE = "Restaurant Finder/Info.plist";
				INFOPLIST_KEY_UIApplicationSupportsIndirectInputEvents = YES;
				INFOPLIST_KEY_UILaunchStoryboardName = LaunchScreen;
				INFOPLIST_KEY_UIMainStoryboardFile = Main;
				INFOPLIST_KEY_UISupportedInterfaceOrientations_iPad = "UIInterfaceOrientationPortrait UIInterfaceOrientationPortraitUpsideDown UIInterfaceOrientationLandscapeLeft UIInterfaceOrientationLandscapeRight";
				INFOPLIST_KEY_UISupportedInterfaceOrientations_iPhone = "UIInterfaceOrientationPortrait UIInterfaceOrientationLandscapeLeft UIInterfaceOrientationLandscapeRight";
				IPHONEOS_DEPLOYMENT_TARGET = 16.0;
				LD_RUNPATH_SEARCH_PATHS = (
					"$(inherited)",
					"@executable_path/Frameworks",
				);
				MARKETING_VERSION = 1.0;
				PRODUCT_BUNDLE_IDENTIFIER = "kiratijuta.Restaurant-Finder";
				PRODUCT_NAME = "$(TARGET_NAME)";
				SWIFT_EMIT_LOC_STRINGS = YES;
				SWIFT_VERSION = 5.0;
				TARGETED_DEVICE_FAMILY = "1,2";
			};
			name = Debug;
		};
		9FB45AFA2C670640002CE853 /* Release */ = {
			isa = XCBuildConfiguration;
			buildSettings = {
				ASSETCATALOG_COMPILER_APPICON_NAME = AppIcon;
				ASSETCATALOG_COMPILER_GLOBAL_ACCENT_COLOR_NAME = AccentColor;
				CODE_SIGN_STYLE = Automatic;
				CURRENT_PROJECT_VERSION = 1;
				DEVELOPMENT_TEAM = DD9538X2N7;
				GENERATE_INFOPLIST_FILE = YES;
				INFOPLIST_FILE = "Restaurant Finder/Info.plist";
				INFOPLIST_KEY_UIApplicationSupportsIndirectInputEvents = YES;
				INFOPLIST_KEY_UILaunchStoryboardName = LaunchScreen;
				INFOPLIST_KEY_UIMainStoryboardFile = Main;
				INFOPLIST_KEY_UISupportedInterfaceOrientations_iPad = "UIInterfaceOrientationPortrait UIInterfaceOrientationPortraitUpsideDown UIInterfaceOrientationLandscapeLeft UIInterfaceOrientationLandscapeRight";
				INFOPLIST_KEY_UISupportedInterfaceOrientations_iPhone = "UIInterfaceOrientationPortrait UIInterfaceOrientationLandscapeLeft UIInterfaceOrientationLandscapeRight";
				IPHONEOS_DEPLOYMENT_TARGET = 16.0;
				LD_RUNPATH_SEARCH_PATHS = (
					"$(inherited)",
					"@executable_path/Frameworks",
				);
				MARKETING_VERSION = 1.0;
				PRODUCT_BUNDLE_IDENTIFIER = "kiratijuta.Restaurant-Finder";
				PRODUCT_NAME = "$(TARGET_NAME)";
				SWIFT_EMIT_LOC_STRINGS = YES;
				SWIFT_VERSION = 5.0;
				TARGETED_DEVICE_FAMILY = "1,2";
			};
			name = Release;
		};
/* End XCBuildConfiguration section */

/* Begin XCConfigurationList section */
		9FB45ADF2C67063F002CE853 /* Build configuration list for PBXProject "Restaurant Finder" */ = {
			isa = XCConfigurationList;
			buildConfigurations = (
				9FB45AF62C670640002CE853 /* Debug */,
				9FB45AF72C670640002CE853 /* Release */,
			);
			defaultConfigurationIsVisible = 0;
			defaultConfigurationName = Release;
		};
		9FB45AF82C670640002CE853 /* Build configuration list for PBXNativeTarget "Restaurant Finder" */ = {
			isa = XCConfigurationList;
			buildConfigurations = (
				9FB45AF92C670640002CE853 /* Debug */,
				9FB45AFA2C670640002CE853 /* Release */,
			);
			defaultConfigurationIsVisible = 0;
			defaultConfigurationName = Release;
		};
/* End XCConfigurationList section */
	};
	rootObject = 9FB45ADC2C67063F002CE853 /* Project object */;
}
