// !$*UTF8*$!
{
	archiveVersion = 1;
	classes = {
	};
	objectVersion = 56;
	objects = {

/* Begin PBXBuildFile section */
		5CBEC58E2C70EFC80051B57A /* AppDelegate.swift in Sources */ = {isa = PBXBuildFile; fileRef = 5CBEC58D2C70EFC80051B57A /* AppDelegate.swift */; };
		5CBEC5902C70EFC80051B57A /* SceneDelegate.swift in Sources */ = {isa = PBXBuildFile; fileRef = 5CBEC58F2C70EFC80051B57A /* SceneDelegate.swift */; };
		5CBEC5922C70EFC80051B57A /* ViewController.swift in Sources */ = {isa = PBXBuildFile; fileRef = 5CBEC5912C70EFC80051B57A /* ViewController.swift */; };
		5CBEC5952C70EFC80051B57A /* Main.storyboard in Resources */ = {isa = PBXBuildFile; fileRef = 5CBEC5932C70EFC80051B57A /* Main.storyboard */; };
		5CBEC5972C70EFC90051B57A /* Assets.xcassets in Resources */ = {isa = PBXBuildFile; fileRef = 5CBEC5962C70EFC90051B57A /* Assets.xcassets */; };
		5CBEC59A2C70EFC90051B57A /* LaunchScreen.storyboard in Resources */ = {isa = PBXBuildFile; fileRef = 5CBEC5982C70EFC90051B57A /* LaunchScreen.storyboard */; };
		5CBEC5A22C70F2180051B57A /* GradeTableViewCell.swift in Sources */ = {isa = PBXBuildFile; fileRef = 5CBEC5A12C70F2180051B57A /* GradeTableViewCell.swift */; };
		5CBEC5A52C70F8B30051B57A /* Alamofire in Frameworks */ = {isa = PBXBuildFile; productRef = 5CBEC5A42C70F8B30051B57A /* Alamofire */; };
		5CBEC5A72C70F8B30051B57A /* AlamofireDynamic in Frameworks */ = {isa = PBXBuildFile; productRef = 5CBEC5A62C70F8B30051B57A /* AlamofireDynamic */; };
/* End PBXBuildFile section */

/* Begin PBXFileReference section */
		5CBEC58A2C70EFC80051B57A /* Grade List.app */ = {isa = PBXFileReference; explicitFileType = wrapper.application; includeInIndex = 0; path = "Grade List.app"; sourceTree = BUILT_PRODUCTS_DIR; };
		5CBEC58D2C70EFC80051B57A /* AppDelegate.swift */ = {isa = PBXFileReference; lastKnownFileType = sourcecode.swift; path = AppDelegate.swift; sourceTree = "<group>"; };
		5CBEC58F2C70EFC80051B57A /* SceneDelegate.swift */ = {isa = PBXFileReference; lastKnownFileType = sourcecode.swift; path = SceneDelegate.swift; sourceTree = "<group>"; };
		5CBEC5912C70EFC80051B57A /* ViewController.swift */ = {isa = PBXFileReference; lastKnownFileType = sourcecode.swift; path = ViewController.swift; sourceTree = "<group>"; };
		5CBEC5942C70EFC80051B57A /* Base */ = {isa = PBXFileReference; lastKnownFileType = file.storyboard; name = Base; path = Base.lproj/Main.storyboard; sourceTree = "<group>"; };
		5CBEC5962C70EFC90051B57A /* Assets.xcassets */ = {isa = PBXFileReference; lastKnownFileType = folder.assetcatalog; path = Assets.xcassets; sourceTree = "<group>"; };
		5CBEC5992C70EFC90051B57A /* Base */ = {isa = PBXFileReference; lastKnownFileType = file.storyboard; name = Base; path = Base.lproj/LaunchScreen.storyboard; sourceTree = "<group>"; };
		5CBEC59B2C70EFC90051B57A /* Info.plist */ = {isa = PBXFileReference; lastKnownFileType = text.plist.xml; path = Info.plist; sourceTree = "<group>"; };
		5CBEC5A12C70F2180051B57A /* GradeTableViewCell.swift */ = {isa = PBXFileReference; lastKnownFileType = sourcecode.swift; path = GradeTableViewCell.swift; sourceTree = "<group>"; };
/* End PBXFileReference section */

/* Begin PBXFrameworksBuildPhase section */
		5CBEC5872C70EFC80051B57A /* Frameworks */ = {
			isa = PBXFrameworksBuildPhase;
			buildActionMask = 2147483647;
			files = (
				5CBEC5A52C70F8B30051B57A /* Alamofire in Frameworks */,
				5CBEC5A72C70F8B30051B57A /* AlamofireDynamic in Frameworks */,
			);
			runOnlyForDeploymentPostprocessing = 0;
		};
/* End PBXFrameworksBuildPhase section */

/* Begin PBXGroup section */
		5CBEC5812C70EFC80051B57A = {
			isa = PBXGroup;
			children = (
				5CBEC58C2C70EFC80051B57A /* Grade List */,
				5CBEC58B2C70EFC80051B57A /* Products */,
			);
			sourceTree = "<group>";
		};
		5CBEC58B2C70EFC80051B57A /* Products */ = {
			isa = PBXGroup;
			children = (
				5CBEC58A2C70EFC80051B57A /* Grade List.app */,
			);
			name = Products;
			sourceTree = "<group>";
		};
		5CBEC58C2C70EFC80051B57A /* Grade List */ = {
			isa = PBXGroup;
			children = (
				5CBEC58D2C70EFC80051B57A /* AppDelegate.swift */,
				5CBEC58F2C70EFC80051B57A /* SceneDelegate.swift */,
				5CBEC5912C70EFC80051B57A /* ViewController.swift */,
				5CBEC5A12C70F2180051B57A /* GradeTableViewCell.swift */,
				5CBEC5932C70EFC80051B57A /* Main.storyboard */,
				5CBEC5962C70EFC90051B57A /* Assets.xcassets */,
				5CBEC5982C70EFC90051B57A /* LaunchScreen.storyboard */,
				5CBEC59B2C70EFC90051B57A /* Info.plist */,
			);
			path = "Grade List";
			sourceTree = "<group>";
		};
/* End PBXGroup section */

/* Begin PBXNativeTarget section */
		5CBEC5892C70EFC80051B57A /* Grade List */ = {
			isa = PBXNativeTarget;
			buildConfigurationList = 5CBEC59E2C70EFC90051B57A /* Build configuration list for PBXNativeTarget "Grade List" */;
			buildPhases = (
				5CBEC5862C70EFC80051B57A /* Sources */,
				5CBEC5872C70EFC80051B57A /* Frameworks */,
				5CBEC5882C70EFC80051B57A /* Resources */,
			);
			buildRules = (
			);
			dependencies = (
			);
			name = "Grade List";
			packageProductDependencies = (
				5CBEC5A42C70F8B30051B57A /* Alamofire */,
				5CBEC5A62C70F8B30051B57A /* AlamofireDynamic */,
			);
			productName = "Grade List";
			productReference = 5CBEC58A2C70EFC80051B57A /* Grade List.app */;
			productType = "com.apple.product-type.application";
		};
/* End PBXNativeTarget section */

/* Begin PBXProject section */
		5CBEC5822C70EFC80051B57A /* Project object */ = {
			isa = PBXProject;
			attributes = {
				BuildIndependentTargetsInParallel = 1;
				LastSwiftUpdateCheck = 1520;
				LastUpgradeCheck = 1520;
				TargetAttributes = {
					5CBEC5892C70EFC80051B57A = {
						CreatedOnToolsVersion = 15.2;
					};
				};
			};
			buildConfigurationList = 5CBEC5852C70EFC80051B57A /* Build configuration list for PBXProject "Grade List" */;
			compatibilityVersion = "Xcode 14.0";
			developmentRegion = en;
			hasScannedForEncodings = 0;
			knownRegions = (
				en,
				Base,
			);
			mainGroup = 5CBEC5812C70EFC80051B57A;
			packageReferences = (
				5CBEC5A32C70F8B30051B57A /* XCRemoteSwiftPackageReference "Alamofire" */,
			);
			productRefGroup = 5CBEC58B2C70EFC80051B57A /* Products */;
			projectDirPath = "";
			projectRoot = "";
			targets = (
				5CBEC5892C70EFC80051B57A /* Grade List */,
			);
		};
/* End PBXProject section */

/* Begin PBXResourcesBuildPhase section */
		5CBEC5882C70EFC80051B57A /* Resources */ = {
			isa = PBXResourcesBuildPhase;
			buildActionMask = 2147483647;
			files = (
				5CBEC59A2C70EFC90051B57A /* LaunchScreen.storyboard in Resources */,
				5CBEC5972C70EFC90051B57A /* Assets.xcassets in Resources */,
				5CBEC5952C70EFC80051B57A /* Main.storyboard in Resources */,
			);
			runOnlyForDeploymentPostprocessing = 0;
		};
/* End PBXResourcesBuildPhase section */

/* Begin PBXSourcesBuildPhase section */
		5CBEC5862C70EFC80051B57A /* Sources */ = {
			isa = PBXSourcesBuildPhase;
			buildActionMask = 2147483647;
			files = (
				5CBEC5922C70EFC80051B57A /* ViewController.swift in Sources */,
				5CBEC5A22C70F2180051B57A /* GradeTableViewCell.swift in Sources */,
				5CBEC58E2C70EFC80051B57A /* AppDelegate.swift in Sources */,
				5CBEC5902C70EFC80051B57A /* SceneDelegate.swift in Sources */,
			);
			runOnlyForDeploymentPostprocessing = 0;
		};
/* End PBXSourcesBuildPhase section */

/* Begin PBXVariantGroup section */
		5CBEC5932C70EFC80051B57A /* Main.storyboard */ = {
			isa = PBXVariantGroup;
			children = (
				5CBEC5942C70EFC80051B57A /* Base */,
			);
			name = Main.storyboard;
			sourceTree = "<group>";
		};
		5CBEC5982C70EFC90051B57A /* LaunchScreen.storyboard */ = {
			isa = PBXVariantGroup;
			children = (
				5CBEC5992C70EFC90051B57A /* Base */,
			);
			name = LaunchScreen.storyboard;
			sourceTree = "<group>";
		};
/* End PBXVariantGroup section */

/* Begin XCBuildConfiguration section */
		5CBEC59C2C70EFC90051B57A /* Debug */ = {
			isa = XCBuildConfiguration;
			buildSettings = {
				ALWAYS_SEARCH_USER_PATHS = NO;
				ASSETCATALOG_COMPILER_GENERATE_SWIFT_ASSET_SYMBOL_EXTENSIONS = YES;
				CLANG_ANALYZER_NONNULL = YES;
				CLANG_ANALYZER_NUMBER_OBJECT_CONVERSION = YES_AGGRESSIVE;
				CLANG_CXX_LANGUAGE_STANDARD = "gnu++20";
				CLANG_ENABLE_MODULES = YES;
				CLANG_ENABLE_OBJC_ARC = YES;
				CLANG_ENABLE_OBJC_WEAK = YES;
				CLANG_WARN_BLOCK_CAPTURE_AUTORELEASING = YES;
				CLANG_WARN_BOOL_CONVERSION = YES;
				CLANG_WARN_COMMA = YES;
				CLANG_WARN_CONSTANT_CONVERSION = YES;
				CLANG_WARN_DEPRECATED_OBJC_IMPLEMENTATIONS = YES;
				CLANG_WARN_DIRECT_OBJC_ISA_USAGE = YES_ERROR;
				CLANG_WARN_DOCUMENTATION_COMMENTS = YES;
				CLANG_WARN_EMPTY_BODY = YES;
				CLANG_WARN_ENUM_CONVERSION = YES;
				CLANG_WARN_INFINITE_RECURSION = YES;
				CLANG_WARN_INT_CONVERSION = YES;
				CLANG_WARN_NON_LITERAL_NULL_CONVERSION = YES;
				CLANG_WARN_OBJC_IMPLICIT_RETAIN_SELF = YES;
				CLANG_WARN_OBJC_LITERAL_CONVERSION = YES;
				CLANG_WARN_OBJC_ROOT_CLASS = YES_ERROR;
				CLANG_WARN_QUOTED_INCLUDE_IN_FRAMEWORK_HEADER = YES;
				CLANG_WARN_RANGE_LOOP_ANALYSIS = YES;
				CLANG_WARN_STRICT_PROTOTYPES = YES;
				CLANG_WARN_SUSPICIOUS_MOVE = YES;
				CLANG_WARN_UNGUARDED_AVAILABILITY = YES_AGGRESSIVE;
				CLANG_WARN_UNREACHABLE_CODE = YES;
				CLANG_WARN__DUPLICATE_METHOD_MATCH = YES;
				COPY_PHASE_STRIP = NO;
				DEBUG_INFORMATION_FORMAT = dwarf;
				ENABLE_STRICT_OBJC_MSGSEND = YES;
				ENABLE_TESTABILITY = YES;
				ENABLE_USER_SCRIPT_SANDBOXING = YES;
				GCC_C_LANGUAGE_STANDARD = gnu17;
				GCC_DYNAMIC_NO_PIC = NO;
				GCC_NO_COMMON_BLOCKS = YES;
				GCC_OPTIMIZATION_LEVEL = 0;
				GCC_PREPROCESSOR_DEFINITIONS = (
					"DEBUG=1",
					"$(inherited)",
				);
				GCC_WARN_64_TO_32_BIT_CONVERSION = YES;
				GCC_WARN_ABOUT_RETURN_TYPE = YES_ERROR;
				GCC_WARN_UNDECLARED_SELECTOR = YES;
				GCC_WARN_UNINITIALIZED_AUTOS = YES_AGGRESSIVE;
				GCC_WARN_UNUSED_FUNCTION = YES;
				GCC_WARN_UNUSED_VARIABLE = YES;
				IPHONEOS_DEPLOYMENT_TARGET = 17.2;
				LOCALIZATION_PREFERS_STRING_CATALOGS = YES;
				MTL_ENABLE_DEBUG_INFO = INCLUDE_SOURCE;
				MTL_FAST_MATH = YES;
				ONLY_ACTIVE_ARCH = YES;
				SDKROOT = iphoneos;
				SWIFT_ACTIVE_COMPILATION_CONDITIONS = "DEBUG $(inherited)";
				SWIFT_OPTIMIZATION_LEVEL = "-Onone";
			};
			name = Debug;
		};
		5CBEC59D2C70EFC90051B57A /* Release */ = {
			isa = XCBuildConfiguration;
			buildSettings = {
				ALWAYS_SEARCH_USER_PATHS = NO;
				ASSETCATALOG_COMPILER_GENERATE_SWIFT_ASSET_SYMBOL_EXTENSIONS = YES;
				CLANG_ANALYZER_NONNULL = YES;
				CLANG_ANALYZER_NUMBER_OBJECT_CONVERSION = YES_AGGRESSIVE;
				CLANG_CXX_LANGUAGE_STANDARD = "gnu++20";
				CLANG_ENABLE_MODULES = YES;
				CLANG_ENABLE_OBJC_ARC = YES;
				CLANG_ENABLE_OBJC_WEAK = YES;
				CLANG_WARN_BLOCK_CAPTURE_AUTORELEASING = YES;
				CLANG_WARN_BOOL_CONVERSION = YES;
				CLANG_WARN_COMMA = YES;
				CLANG_WARN_CONSTANT_CONVERSION = YES;
				CLANG_WARN_DEPRECATED_OBJC_IMPLEMENTATIONS = YES;
				CLANG_WARN_DIRECT_OBJC_ISA_USAGE = YES_ERROR;
				CLANG_WARN_DOCUMENTATION_COMMENTS = YES;
				CLANG_WARN_EMPTY_BODY = YES;
				CLANG_WARN_ENUM_CONVERSION = YES;
				CLANG_WARN_INFINITE_RECURSION = YES;
				CLANG_WARN_INT_CONVERSION = YES;
				CLANG_WARN_NON_LITERAL_NULL_CONVERSION = YES;
				CLANG_WARN_OBJC_IMPLICIT_RETAIN_SELF = YES;
				CLANG_WARN_OBJC_LITERAL_CONVERSION = YES;
				CLANG_WARN_OBJC_ROOT_CLASS = YES_ERROR;
				CLANG_WARN_QUOTED_INCLUDE_IN_FRAMEWORK_HEADER = YES;
				CLANG_WARN_RANGE_LOOP_ANALYSIS = YES;
				CLANG_WARN_STRICT_PROTOTYPES = YES;
				CLANG_WARN_SUSPICIOUS_MOVE = YES;
				CLANG_WARN_UNGUARDED_AVAILABILITY = YES_AGGRESSIVE;
				CLANG_WARN_UNREACHABLE_CODE = YES;
				CLANG_WARN__DUPLICATE_METHOD_MATCH = YES;
				COPY_PHASE_STRIP = NO;
				DEBUG_INFORMATION_FORMAT = "dwarf-with-dsym";
				ENABLE_NS_ASSERTIONS = NO;
				ENABLE_STRICT_OBJC_MSGSEND = YES;
				ENABLE_USER_SCRIPT_SANDBOXING = YES;
				GCC_C_LANGUAGE_STANDARD = gnu17;
				GCC_NO_COMMON_BLOCKS = YES;
				GCC_WARN_64_TO_32_BIT_CONVERSION = YES;
				GCC_WARN_ABOUT_RETURN_TYPE = YES_ERROR;
				GCC_WARN_UNDECLARED_SELECTOR = YES;
				GCC_WARN_UNINITIALIZED_AUTOS = YES_AGGRESSIVE;
				GCC_WARN_UNUSED_FUNCTION = YES;
				GCC_WARN_UNUSED_VARIABLE = YES;
				IPHONEOS_DEPLOYMENT_TARGET = 17.2;
				LOCALIZATION_PREFERS_STRING_CATALOGS = YES;
				MTL_ENABLE_DEBUG_INFO = NO;
				MTL_FAST_MATH = YES;
				SDKROOT = iphoneos;
				SWIFT_COMPILATION_MODE = wholemodule;
				VALIDATE_PRODUCT = YES;
			};
			name = Release;
		};
		5CBEC59F2C70EFC90051B57A /* Debug */ = {
			isa = XCBuildConfiguration;
			buildSettings = {
				ASSETCATALOG_COMPILER_APPICON_NAME = AppIcon;
				ASSETCATALOG_COMPILER_GLOBAL_ACCENT_COLOR_NAME = AccentColor;
				CODE_SIGN_STYLE = Automatic;
				CURRENT_PROJECT_VERSION = 1;
				DEVELOPMENT_TEAM = MXNM4MXDHB;
				GENERATE_INFOPLIST_FILE = YES;
				INFOPLIST_FILE = "Grade List/Info.plist";
				INFOPLIST_KEY_UIApplicationSupportsIndirectInputEvents = YES;
				INFOPLIST_KEY_UILaunchStoryboardName = LaunchScreen;
				INFOPLIST_KEY_UIMainStoryboardFile = Main;
				INFOPLIST_KEY_UISupportedInterfaceOrientations_iPad = "UIInterfaceOrientationPortrait UIInterfaceOrientationPortraitUpsideDown UIInterfaceOrientationLandscapeLeft UIInterfaceOrientationLandscapeRight";
				INFOPLIST_KEY_UISupportedInterfaceOrientations_iPhone = "UIInterfaceOrientationPortrait UIInterfaceOrientationLandscapeLeft UIInterfaceOrientationLandscapeRight";
				LD_RUNPATH_SEARCH_PATHS = (
					"$(inherited)",
					"@executable_path/Frameworks",
				);
				MARKETING_VERSION = 1.0;
				PRODUCT_BUNDLE_IDENTIFIER = "-611718.Grade-List";
				PRODUCT_NAME = "$(TARGET_NAME)";
				SWIFT_EMIT_LOC_STRINGS = YES;
				SWIFT_VERSION = 5.0;
				TARGETED_DEVICE_FAMILY = "1,2";
			};
			name = Debug;
		};
		5CBEC5A02C70EFC90051B57A /* Release */ = {
			isa = XCBuildConfiguration;
			buildSettings = {
				ASSETCATALOG_COMPILER_APPICON_NAME = AppIcon;
				ASSETCATALOG_COMPILER_GLOBAL_ACCENT_COLOR_NAME = AccentColor;
				CODE_SIGN_STYLE = Automatic;
				CURRENT_PROJECT_VERSION = 1;
				DEVELOPMENT_TEAM = MXNM4MXDHB;
				GENERATE_INFOPLIST_FILE = YES;
				INFOPLIST_FILE = "Grade List/Info.plist";
				INFOPLIST_KEY_UIApplicationSupportsIndirectInputEvents = YES;
				INFOPLIST_KEY_UILaunchStoryboardName = LaunchScreen;
				INFOPLIST_KEY_UIMainStoryboardFile = Main;
				INFOPLIST_KEY_UISupportedInterfaceOrientations_iPad = "UIInterfaceOrientationPortrait UIInterfaceOrientationPortraitUpsideDown UIInterfaceOrientationLandscapeLeft UIInterfaceOrientationLandscapeRight";
				INFOPLIST_KEY_UISupportedInterfaceOrientations_iPhone = "UIInterfaceOrientationPortrait UIInterfaceOrientationLandscapeLeft UIInterfaceOrientationLandscapeRight";
				LD_RUNPATH_SEARCH_PATHS = (
					"$(inherited)",
					"@executable_path/Frameworks",
				);
				MARKETING_VERSION = 1.0;
				PRODUCT_BUNDLE_IDENTIFIER = "-611718.Grade-List";
				PRODUCT_NAME = "$(TARGET_NAME)";
				SWIFT_EMIT_LOC_STRINGS = YES;
				SWIFT_VERSION = 5.0;
				TARGETED_DEVICE_FAMILY = "1,2";
			};
			name = Release;
		};
/* End XCBuildConfiguration section */

/* Begin XCConfigurationList section */
		5CBEC5852C70EFC80051B57A /* Build configuration list for PBXProject "Grade List" */ = {
			isa = XCConfigurationList;
			buildConfigurations = (
				5CBEC59C2C70EFC90051B57A /* Debug */,
				5CBEC59D2C70EFC90051B57A /* Release */,
			);
			defaultConfigurationIsVisible = 0;
			defaultConfigurationName = Release;
		};
		5CBEC59E2C70EFC90051B57A /* Build configuration list for PBXNativeTarget "Grade List" */ = {
			isa = XCConfigurationList;
			buildConfigurations = (
				5CBEC59F2C70EFC90051B57A /* Debug */,
				5CBEC5A02C70EFC90051B57A /* Release */,
			);
			defaultConfigurationIsVisible = 0;
			defaultConfigurationName = Release;
		};
/* End XCConfigurationList section */

/* Begin XCRemoteSwiftPackageReference section */
		5CBEC5A32C70F8B30051B57A /* XCRemoteSwiftPackageReference "Alamofire" */ = {
			isa = XCRemoteSwiftPackageReference;
			repositoryURL = "https://github.com/Alamofire/Alamofire.git";
			requirement = {
				kind = upToNextMajorVersion;
				minimumVersion = 5.9.1;
			};
		};
/* End XCRemoteSwiftPackageReference section */

/* Begin XCSwiftPackageProductDependency section */
		5CBEC5A42C70F8B30051B57A /* Alamofire */ = {
			isa = XCSwiftPackageProductDependency;
			package = 5CBEC5A32C70F8B30051B57A /* XCRemoteSwiftPackageReference "Alamofire" */;
			productName = Alamofire;
		};
		5CBEC5A62C70F8B30051B57A /* AlamofireDynamic */ = {
			isa = XCSwiftPackageProductDependency;
			package = 5CBEC5A32C70F8B30051B57A /* XCRemoteSwiftPackageReference "Alamofire" */;
			productName = AlamofireDynamic;
		};
/* End XCSwiftPackageProductDependency section */
	};
	rootObject = 5CBEC5822C70EFC80051B57A /* Project object */;
}
