// !$*UTF8*$!
{
	archiveVersion = 1;
	classes = {
	};
	objectVersion = 56;
	objects = {

/* Begin PBXBuildFile section */
		5CF298552C4972BC00E3A411 /* AppDelegate.swift in Sources */ = {isa = PBXBuildFile; fileRef = 5CF298542C4972BC00E3A411 /* AppDelegate.swift */; };
		5CF298572C4972BC00E3A411 /* SceneDelegate.swift in Sources */ = {isa = PBXBuildFile; fileRef = 5CF298562C4972BC00E3A411 /* SceneDelegate.swift */; };
		5CF298592C4972BC00E3A411 /* ViewController.swift in Sources */ = {isa = PBXBuildFile; fileRef = 5CF298582C4972BC00E3A411 /* ViewController.swift */; };
		5CF2985C2C4972BC00E3A411 /* Main.storyboard in Resources */ = {isa = PBXBuildFile; fileRef = 5CF2985A2C4972BC00E3A411 /* Main.storyboard */; };
		5CF2985E2C4972BE00E3A411 /* Assets.xcassets in Resources */ = {isa = PBXBuildFile; fileRef = 5CF2985D2C4972BE00E3A411 /* Assets.xcassets */; };
		5CF298612C4972BE00E3A411 /* LaunchScreen.storyboard in Resources */ = {isa = PBXBuildFile; fileRef = 5CF2985F2C4972BE00E3A411 /* LaunchScreen.storyboard */; };
		5CF298692C49B0D700E3A411 /* AppTableViewCell.swift in Sources */ = {isa = PBXBuildFile; fileRef = 5CF298682C49B0D700E3A411 /* AppTableViewCell.swift */; };
		5CF2986B2C4AC5D100E3A411 /* AppInfo.swift in Sources */ = {isa = PBXBuildFile; fileRef = 5CF2986A2C4AC5D100E3A411 /* AppInfo.swift */; };
		5CF2986D2C4BB90200E3A411 /* AppViewController.swift in Sources */ = {isa = PBXBuildFile; fileRef = 5CF2986C2C4BB90200E3A411 /* AppViewController.swift */; };
/* End PBXBuildFile section */

/* Begin PBXFileReference section */
		5CF298512C4972BC00E3A411 /* App Store Top Chart App.app */ = {isa = PBXFileReference; explicitFileType = wrapper.application; includeInIndex = 0; path = "App Store Top Chart App.app"; sourceTree = BUILT_PRODUCTS_DIR; };
		5CF298542C4972BC00E3A411 /* AppDelegate.swift */ = {isa = PBXFileReference; lastKnownFileType = sourcecode.swift; path = AppDelegate.swift; sourceTree = "<group>"; };
		5CF298562C4972BC00E3A411 /* SceneDelegate.swift */ = {isa = PBXFileReference; lastKnownFileType = sourcecode.swift; path = SceneDelegate.swift; sourceTree = "<group>"; };
		5CF298582C4972BC00E3A411 /* ViewController.swift */ = {isa = PBXFileReference; lastKnownFileType = sourcecode.swift; path = ViewController.swift; sourceTree = "<group>"; };
		5CF2985B2C4972BC00E3A411 /* Base */ = {isa = PBXFileReference; lastKnownFileType = file.storyboard; name = Base; path = Base.lproj/Main.storyboard; sourceTree = "<group>"; };
		5CF2985D2C4972BE00E3A411 /* Assets.xcassets */ = {isa = PBXFileReference; lastKnownFileType = folder.assetcatalog; path = Assets.xcassets; sourceTree = "<group>"; };
		5CF298602C4972BE00E3A411 /* Base */ = {isa = PBXFileReference; lastKnownFileType = file.storyboard; name = Base; path = Base.lproj/LaunchScreen.storyboard; sourceTree = "<group>"; };
		5CF298622C4972BE00E3A411 /* Info.plist */ = {isa = PBXFileReference; lastKnownFileType = text.plist.xml; path = Info.plist; sourceTree = "<group>"; };
		5CF298682C49B0D700E3A411 /* AppTableViewCell.swift */ = {isa = PBXFileReference; lastKnownFileType = sourcecode.swift; path = AppTableViewCell.swift; sourceTree = "<group>"; };
		5CF2986A2C4AC5D100E3A411 /* AppInfo.swift */ = {isa = PBXFileReference; lastKnownFileType = sourcecode.swift; path = AppInfo.swift; sourceTree = "<group>"; };
		5CF2986C2C4BB90200E3A411 /* AppViewController.swift */ = {isa = PBXFileReference; lastKnownFileType = sourcecode.swift; path = AppViewController.swift; sourceTree = "<group>"; };
/* End PBXFileReference section */

/* Begin PBXFrameworksBuildPhase section */
		5CF2984E2C4972BC00E3A411 /* Frameworks */ = {
			isa = PBXFrameworksBuildPhase;
			buildActionMask = 2147483647;
			files = (
			);
			runOnlyForDeploymentPostprocessing = 0;
		};
/* End PBXFrameworksBuildPhase section */

/* Begin PBXGroup section */
		5CF298482C4972BC00E3A411 = {
			isa = PBXGroup;
			children = (
				5CF298532C4972BC00E3A411 /* App Store Top Chart App */,
				5CF298522C4972BC00E3A411 /* Products */,
			);
			sourceTree = "<group>";
		};
		5CF298522C4972BC00E3A411 /* Products */ = {
			isa = PBXGroup;
			children = (
				5CF298512C4972BC00E3A411 /* App Store Top Chart App.app */,
			);
			name = Products;
			sourceTree = "<group>";
		};
		5CF298532C4972BC00E3A411 /* App Store Top Chart App */ = {
			isa = PBXGroup;
			children = (
				5CF298542C4972BC00E3A411 /* AppDelegate.swift */,
				5CF298562C4972BC00E3A411 /* SceneDelegate.swift */,
				5CF298582C4972BC00E3A411 /* ViewController.swift */,
				5CF2986A2C4AC5D100E3A411 /* AppInfo.swift */,
				5CF298682C49B0D700E3A411 /* AppTableViewCell.swift */,
				5CF2985A2C4972BC00E3A411 /* Main.storyboard */,
				5CF2986C2C4BB90200E3A411 /* AppViewController.swift */,
				5CF2985D2C4972BE00E3A411 /* Assets.xcassets */,
				5CF2985F2C4972BE00E3A411 /* LaunchScreen.storyboard */,
				5CF298622C4972BE00E3A411 /* Info.plist */,
			);
			path = "App Store Top Chart App";
			sourceTree = "<group>";
		};
/* End PBXGroup section */

/* Begin PBXNativeTarget section */
		5CF298502C4972BC00E3A411 /* App Store Top Chart App */ = {
			isa = PBXNativeTarget;
			buildConfigurationList = 5CF298652C4972BE00E3A411 /* Build configuration list for PBXNativeTarget "App Store Top Chart App" */;
			buildPhases = (
				5CF2984D2C4972BC00E3A411 /* Sources */,
				5CF2984E2C4972BC00E3A411 /* Frameworks */,
				5CF2984F2C4972BC00E3A411 /* Resources */,
			);
			buildRules = (
			);
			dependencies = (
			);
			name = "App Store Top Chart App";
			productName = "App Store Top Chart App";
			productReference = 5CF298512C4972BC00E3A411 /* App Store Top Chart App.app */;
			productType = "com.apple.product-type.application";
		};
/* End PBXNativeTarget section */

/* Begin PBXProject section */
		5CF298492C4972BC00E3A411 /* Project object */ = {
			isa = PBXProject;
			attributes = {
				BuildIndependentTargetsInParallel = 1;
				LastSwiftUpdateCheck = 1520;
				LastUpgradeCheck = 1520;
				TargetAttributes = {
					5CF298502C4972BC00E3A411 = {
						CreatedOnToolsVersion = 15.2;
					};
				};
			};
			buildConfigurationList = 5CF2984C2C4972BC00E3A411 /* Build configuration list for PBXProject "App Store Top Chart App" */;
			compatibilityVersion = "Xcode 14.0";
			developmentRegion = en;
			hasScannedForEncodings = 0;
			knownRegions = (
				en,
				Base,
			);
			mainGroup = 5CF298482C4972BC00E3A411;
			productRefGroup = 5CF298522C4972BC00E3A411 /* Products */;
			projectDirPath = "";
			projectRoot = "";
			targets = (
				5CF298502C4972BC00E3A411 /* App Store Top Chart App */,
			);
		};
/* End PBXProject section */

/* Begin PBXResourcesBuildPhase section */
		5CF2984F2C4972BC00E3A411 /* Resources */ = {
			isa = PBXResourcesBuildPhase;
			buildActionMask = 2147483647;
			files = (
				5CF298612C4972BE00E3A411 /* LaunchScreen.storyboard in Resources */,
				5CF2985E2C4972BE00E3A411 /* Assets.xcassets in Resources */,
				5CF2985C2C4972BC00E3A411 /* Main.storyboard in Resources */,
			);
			runOnlyForDeploymentPostprocessing = 0;
		};
/* End PBXResourcesBuildPhase section */

/* Begin PBXSourcesBuildPhase section */
		5CF2984D2C4972BC00E3A411 /* Sources */ = {
			isa = PBXSourcesBuildPhase;
			buildActionMask = 2147483647;
			files = (
				5CF2986D2C4BB90200E3A411 /* AppViewController.swift in Sources */,
				5CF298592C4972BC00E3A411 /* ViewController.swift in Sources */,
				5CF2986B2C4AC5D100E3A411 /* AppInfo.swift in Sources */,
				5CF298692C49B0D700E3A411 /* AppTableViewCell.swift in Sources */,
				5CF298552C4972BC00E3A411 /* AppDelegate.swift in Sources */,
				5CF298572C4972BC00E3A411 /* SceneDelegate.swift in Sources */,
			);
			runOnlyForDeploymentPostprocessing = 0;
		};
/* End PBXSourcesBuildPhase section */

/* Begin PBXVariantGroup section */
		5CF2985A2C4972BC00E3A411 /* Main.storyboard */ = {
			isa = PBXVariantGroup;
			children = (
				5CF2985B2C4972BC00E3A411 /* Base */,
			);
			name = Main.storyboard;
			sourceTree = "<group>";
		};
		5CF2985F2C4972BE00E3A411 /* LaunchScreen.storyboard */ = {
			isa = PBXVariantGroup;
			children = (
				5CF298602C4972BE00E3A411 /* Base */,
			);
			name = LaunchScreen.storyboard;
			sourceTree = "<group>";
		};
/* End PBXVariantGroup section */

/* Begin XCBuildConfiguration section */
		5CF298632C4972BE00E3A411 /* Debug */ = {
			isa = XCBuildConfiguration;
			buildSettings = {
				ALWAYS_SEARCH_USER_PATHS = NO;
				ASSETCATALOG_COMPILER_GENERATE_SWIFT_ASSET_SYMBOL_EXTENSIONS = YES;
				CLANG_ANALYZER_NONNULL = YES;
				CLANG_ANALYZER_NUMBER_OBJECT_CONVERSION = YES_AGGRESSIVE;
				CLANG_CXX_LANGUAGE_STANDARD = "gnu++20";
				CLANG_ENABLE_MODULES = YES;
				CLANG_ENABLE_OBJC_ARC = YES;
				CLANG_ENABLE_OBJC_WEAK = YES;
				CLANG_WARN_BLOCK_CAPTURE_AUTORELEASING = YES;
				CLANG_WARN_BOOL_CONVERSION = YES;
				CLANG_WARN_COMMA = YES;
				CLANG_WARN_CONSTANT_CONVERSION = YES;
				CLANG_WARN_DEPRECATED_OBJC_IMPLEMENTATIONS = YES;
				CLANG_WARN_DIRECT_OBJC_ISA_USAGE = YES_ERROR;
				CLANG_WARN_DOCUMENTATION_COMMENTS = YES;
				CLANG_WARN_EMPTY_BODY = YES;
				CLANG_WARN_ENUM_CONVERSION = YES;
				CLANG_WARN_INFINITE_RECURSION = YES;
				CLANG_WARN_INT_CONVERSION = YES;
				CLANG_WARN_NON_LITERAL_NULL_CONVERSION = YES;
				CLANG_WARN_OBJC_IMPLICIT_RETAIN_SELF = YES;
				CLANG_WARN_OBJC_LITERAL_CONVERSION = YES;
				CLANG_WARN_OBJC_ROOT_CLASS = YES_ERROR;
				CLANG_WARN_QUOTED_INCLUDE_IN_FRAMEWORK_HEADER = YES;
				CLANG_WARN_RANGE_LOOP_ANALYSIS = YES;
				CLANG_WARN_STRICT_PROTOTYPES = YES;
				CLANG_WARN_SUSPICIOUS_MOVE = YES;
				CLANG_WARN_UNGUARDED_AVAILABILITY = YES_AGGRESSIVE;
				CLANG_WARN_UNREACHABLE_CODE = YES;
				CLANG_WARN__DUPLICATE_METHOD_MATCH = YES;
				COPY_PHASE_STRIP = NO;
				DEBUG_INFORMATION_FORMAT = dwarf;
				ENABLE_STRICT_OBJC_MSGSEND = YES;
				ENABLE_TESTABILITY = YES;
				ENABLE_USER_SCRIPT_SANDBOXING = YES;
				GCC_C_LANGUAGE_STANDARD = gnu17;
				GCC_DYNAMIC_NO_PIC = NO;
				GCC_NO_COMMON_BLOCKS = YES;
				GCC_OPTIMIZATION_LEVEL = 0;
				GCC_PREPROCESSOR_DEFINITIONS = (
					"DEBUG=1",
					"$(inherited)",
				);
				GCC_WARN_64_TO_32_BIT_CONVERSION = YES;
				GCC_WARN_ABOUT_RETURN_TYPE = YES_ERROR;
				GCC_WARN_UNDECLARED_SELECTOR = YES;
				GCC_WARN_UNINITIALIZED_AUTOS = YES_AGGRESSIVE;
				GCC_WARN_UNUSED_FUNCTION = YES;
				GCC_WARN_UNUSED_VARIABLE = YES;
				IPHONEOS_DEPLOYMENT_TARGET = 17.2;
				LOCALIZATION_PREFERS_STRING_CATALOGS = YES;
				MTL_ENABLE_DEBUG_INFO = INCLUDE_SOURCE;
				MTL_FAST_MATH = YES;
				ONLY_ACTIVE_ARCH = YES;
				SDKROOT = iphoneos;
				SWIFT_ACTIVE_COMPILATION_CONDITIONS = "DEBUG $(inherited)";
				SWIFT_OPTIMIZATION_LEVEL = "-Onone";
			};
			name = Debug;
		};
		5CF298642C4972BE00E3A411 /* Release */ = {
			isa = XCBuildConfiguration;
			buildSettings = {
				ALWAYS_SEARCH_USER_PATHS = NO;
				ASSETCATALOG_COMPILER_GENERATE_SWIFT_ASSET_SYMBOL_EXTENSIONS = YES;
				CLANG_ANALYZER_NONNULL = YES;
				CLANG_ANALYZER_NUMBER_OBJECT_CONVERSION = YES_AGGRESSIVE;
				CLANG_CXX_LANGUAGE_STANDARD = "gnu++20";
				CLANG_ENABLE_MODULES = YES;
				CLANG_ENABLE_OBJC_ARC = YES;
				CLANG_ENABLE_OBJC_WEAK = YES;
				CLANG_WARN_BLOCK_CAPTURE_AUTORELEASING = YES;
				CLANG_WARN_BOOL_CONVERSION = YES;
				CLANG_WARN_COMMA = YES;
				CLANG_WARN_CONSTANT_CONVERSION = YES;
				CLANG_WARN_DEPRECATED_OBJC_IMPLEMENTATIONS = YES;
				CLANG_WARN_DIRECT_OBJC_ISA_USAGE = YES_ERROR;
				CLANG_WARN_DOCUMENTATION_COMMENTS = YES;
				CLANG_WARN_EMPTY_BODY = YES;
				CLANG_WARN_ENUM_CONVERSION = YES;
				CLANG_WARN_INFINITE_RECURSION = YES;
				CLANG_WARN_INT_CONVERSION = YES;
				CLANG_WARN_NON_LITERAL_NULL_CONVERSION = YES;
				CLANG_WARN_OBJC_IMPLICIT_RETAIN_SELF = YES;
				CLANG_WARN_OBJC_LITERAL_CONVERSION = YES;
				CLANG_WARN_OBJC_ROOT_CLASS = YES_ERROR;
				CLANG_WARN_QUOTED_INCLUDE_IN_FRAMEWORK_HEADER = YES;
				CLANG_WARN_RANGE_LOOP_ANALYSIS = YES;
				CLANG_WARN_STRICT_PROTOTYPES = YES;
				CLANG_WARN_SUSPICIOUS_MOVE = YES;
				CLANG_WARN_UNGUARDED_AVAILABILITY = YES_AGGRESSIVE;
				CLANG_WARN_UNREACHABLE_CODE = YES;
				CLANG_WARN__DUPLICATE_METHOD_MATCH = YES;
				COPY_PHASE_STRIP = NO;
				DEBUG_INFORMATION_FORMAT = "dwarf-with-dsym";
				ENABLE_NS_ASSERTIONS = NO;
				ENABLE_STRICT_OBJC_MSGSEND = YES;
				ENABLE_USER_SCRIPT_SANDBOXING = YES;
				GCC_C_LANGUAGE_STANDARD = gnu17;
				GCC_NO_COMMON_BLOCKS = YES;
				GCC_WARN_64_TO_32_BIT_CONVERSION = YES;
				GCC_WARN_ABOUT_RETURN_TYPE = YES_ERROR;
				GCC_WARN_UNDECLARED_SELECTOR = YES;
				GCC_WARN_UNINITIALIZED_AUTOS = YES_AGGRESSIVE;
				GCC_WARN_UNUSED_FUNCTION = YES;
				GCC_WARN_UNUSED_VARIABLE = YES;
				IPHONEOS_DEPLOYMENT_TARGET = 17.2;
				LOCALIZATION_PREFERS_STRING_CATALOGS = YES;
				MTL_ENABLE_DEBUG_INFO = NO;
				MTL_FAST_MATH = YES;
				SDKROOT = iphoneos;
				SWIFT_COMPILATION_MODE = wholemodule;
				VALIDATE_PRODUCT = YES;
			};
			name = Release;
		};
		5CF298662C4972BE00E3A411 /* Debug */ = {
			isa = XCBuildConfiguration;
			buildSettings = {
				ASSETCATALOG_COMPILER_APPICON_NAME = AppIcon;
				ASSETCATALOG_COMPILER_GLOBAL_ACCENT_COLOR_NAME = AccentColor;
				CODE_SIGN_STYLE = Automatic;
				CURRENT_PROJECT_VERSION = 1;
				DEVELOPMENT_TEAM = MXNM4MXDHB;
				GENERATE_INFOPLIST_FILE = YES;
				INFOPLIST_FILE = "App Store Top Chart App/Info.plist";
				INFOPLIST_KEY_UIApplicationSupportsIndirectInputEvents = YES;
				INFOPLIST_KEY_UILaunchStoryboardName = LaunchScreen;
				INFOPLIST_KEY_UIMainStoryboardFile = Main;
				INFOPLIST_KEY_UISupportedInterfaceOrientations_iPad = "UIInterfaceOrientationPortrait UIInterfaceOrientationPortraitUpsideDown UIInterfaceOrientationLandscapeLeft UIInterfaceOrientationLandscapeRight";
				INFOPLIST_KEY_UISupportedInterfaceOrientations_iPhone = "UIInterfaceOrientationPortrait UIInterfaceOrientationLandscapeLeft UIInterfaceOrientationLandscapeRight";
				LD_RUNPATH_SEARCH_PATHS = (
					"$(inherited)",
					"@executable_path/Frameworks",
				);
				MARKETING_VERSION = 1.0;
				PRODUCT_BUNDLE_IDENTIFIER = "com.myorganization.App-Store-Top-Chart-App";
				PRODUCT_NAME = "$(TARGET_NAME)";
				SWIFT_EMIT_LOC_STRINGS = YES;
				SWIFT_VERSION = 5.0;
				TARGETED_DEVICE_FAMILY = "1,2";
			};
			name = Debug;
		};
		5CF298672C4972BE00E3A411 /* Release */ = {
			isa = XCBuildConfiguration;
			buildSettings = {
				ASSETCATALOG_COMPILER_APPICON_NAME = AppIcon;
				ASSETCATALOG_COMPILER_GLOBAL_ACCENT_COLOR_NAME = AccentColor;
				CODE_SIGN_STYLE = Automatic;
				CURRENT_PROJECT_VERSION = 1;
				DEVELOPMENT_TEAM = MXNM4MXDHB;
				GENERATE_INFOPLIST_FILE = YES;
				INFOPLIST_FILE = "App Store Top Chart App/Info.plist";
				INFOPLIST_KEY_UIApplicationSupportsIndirectInputEvents = YES;
				INFOPLIST_KEY_UILaunchStoryboardName = LaunchScreen;
				INFOPLIST_KEY_UIMainStoryboardFile = Main;
				INFOPLIST_KEY_UISupportedInterfaceOrientations_iPad = "UIInterfaceOrientationPortrait UIInterfaceOrientationPortraitUpsideDown UIInterfaceOrientationLandscapeLeft UIInterfaceOrientationLandscapeRight";
				INFOPLIST_KEY_UISupportedInterfaceOrientations_iPhone = "UIInterfaceOrientationPortrait UIInterfaceOrientationLandscapeLeft UIInterfaceOrientationLandscapeRight";
				LD_RUNPATH_SEARCH_PATHS = (
					"$(inherited)",
					"@executable_path/Frameworks",
				);
				MARKETING_VERSION = 1.0;
				PRODUCT_BUNDLE_IDENTIFIER = "com.myorganization.App-Store-Top-Chart-App";
				PRODUCT_NAME = "$(TARGET_NAME)";
				SWIFT_EMIT_LOC_STRINGS = YES;
				SWIFT_VERSION = 5.0;
				TARGETED_DEVICE_FAMILY = "1,2";
			};
			name = Release;
		};
/* End XCBuildConfiguration section */

/* Begin XCConfigurationList section */
		5CF2984C2C4972BC00E3A411 /* Build configuration list for PBXProject "App Store Top Chart App" */ = {
			isa = XCConfigurationList;
			buildConfigurations = (
				5CF298632C4972BE00E3A411 /* Debug */,
				5CF298642C4972BE00E3A411 /* Release */,
			);
			defaultConfigurationIsVisible = 0;
			defaultConfigurationName = Release;
		};
		5CF298652C4972BE00E3A411 /* Build configuration list for PBXNativeTarget "App Store Top Chart App" */ = {
			isa = XCConfigurationList;
			buildConfigurations = (
				5CF298662C4972BE00E3A411 /* Debug */,
				5CF298672C4972BE00E3A411 /* Release */,
			);
			defaultConfigurationIsVisible = 0;
			defaultConfigurationName = Release;
		};
/* End XCConfigurationList section */
	};
	rootObject = 5CF298492C4972BC00E3A411 /* Project object */;
}
